
Microsoft Visual Studio Solution File, Format Version 12.00
# Visual Studio 15
VisualStudioVersion = 15.0.26403.7
MinimumVisualStudioVersion = 10.0.40219.1
Project("{FAE04EC0-301F-11D3-BF4B-00C04F79EFBC}") = "Quizzer", "Quizzer\Quizzer.csproj", "{CD604417-CB69-48B7-A9B2-81165252F108}"
EndProject
Project("{FAE04EC0-301F-11D3-BF4B-00C04F79EFBC}") = "Quizzer.Tests", "Quizzer.Tests\Quizzer.Tests.csproj", "{D81EF890-76AA-4329-9AF2-D56E21E3E9CB}"
EndProject
Global
	GlobalSection(SolutionConfigurationPlatforms) = preSolution
		Debug|Any CPU = Debug|Any CPU
		Release|Any CPU = Release|Any CPU
	EndGlobalSection
	GlobalSection(ProjectConfigurationPlatforms) = postSolution
		{CD604417-CB69-48B7-A9B2-81165252F108}.Debug|Any CPU.ActiveCfg = Debug|Any CPU
		{CD604417-CB69-48B7-A9B2-81165252F108}.Debug|Any CPU.Build.0 = Debug|Any CPU
		{CD604417-CB69-48B7-A9B2-81165252F108}.Release|Any CPU.ActiveCfg = Release|Any CPU
		{CD604417-CB69-48B7-A9B2-81165252F108}.Release|Any CPU.Build.0 = Release|Any CPU
		{D81EF890-76AA-4329-9AF2-D56E21E3E9CB}.Debug|Any CPU.ActiveCfg = Debug|Any CPU
		{D81EF890-76AA-4329-9AF2-D56E21E3E9CB}.Debug|Any CPU.Build.0 = Debug|Any CPU
		{D81EF890-76AA-4329-9AF2-D56E21E3E9CB}.Release|Any CPU.ActiveCfg = Release|Any CPU
		{D81EF890-76AA-4329-9AF2-D56E21E3E9CB}.Release|Any CPU.Build.0 = Release|Any CPU
	EndGlobalSection
	GlobalSection(SolutionProperties) = preSolution
		HideSolutionNode = FALSE
	EndGlobalSection
EndGlobal
